<?xml version="1.0" encoding="utf-8"?>
<Project ToolsVersion="4.0" xmlns="http://schemas.microsoft.com/developer/msbuild/2003">
  <ItemGroup>
    <Filter Include="Source Files">
      <UniqueIdentifier>{4FC737F1-C7A5-4376-A066-2A32D752A2FF}</UniqueIdentifier>
      <Extensions>cpp;c;cc;cxx;c++;def;odl;idl;hpj;bat;asm;asmx</Extensions>
    </Filter>
    <Filter Include="Header Files">
      <UniqueIdentifier>{93995380-89BD-4b04-88EB-625FBE52EBFB}</UniqueIdentifier>
      <Extensions>h;hh;hpp;hxx;h++;hm;inl;inc;ipp;xsd</Extensions>
    </Filter>
    <Filter Include="Resource Files">
      <UniqueIdentifier>{67DA6AB6-F800-4c08-8B7A-83BB121AAD01}</UniqueIdentifier>
      <Extensions>rc;ico;cur;bmp;dlg;rc2;rct;bin;rgs;gif;jpg;jpeg;jpe;resx;tiff;tif;png;wav;mfcribbon-ms</Extensions>
    </Filter>
    <Filter Include="Quest Scripts">
      <UniqueIdentifier>{adafa172-9320-445b-a8bc-d00c354c3041}</UniqueIdentifier>
    </Filter>
  </ItemGroup>
  <ItemGroup>
    <ClCompile Include="le-hero.cpp">
      <Filter>Source Files</Filter>
    </ClCompile>
    <ClCompile Include="LuaHandler.cpp">
      <Filter>Source Files</Filter>
    </ClCompile>
    <ClCompile Include="Game.cpp">
      <Filter>Source Files</Filter>
    </ClCompile>
    <ClCompile Include="Character.cpp">
      <Filter>Source Files</Filter>
    </ClCompile>
    <ClCompile Include="CharacterBattleHandler.cpp">
      <Filter>Source Files</Filter>
    </ClCompile>
    <ClCompile Include="QuestHandler.cpp">
      <Filter>Source Files</Filter>
    </ClCompile>
    <ClCompile Include="LuaQuestHandler.cpp">
      <Filter>Source Files</Filter>
    </ClCompile>
    <ClCompile Include="CharacterPassiveAbilityEffects.cpp">
      <Filter>Source Files</Filter>
    </ClCompile>
    <ClCompile Include="CharacterSpecialAbilityEffects.cpp">
      <Filter>Source Files</Filter>
    </ClCompile>
    <ClCompile Include="CharacterStatusEffects.cpp">
      <Filter>Source Files</Filter>
    </ClCompile>
    <ClCompile Include="CharacterItemEffects.cpp">
      <Filter>Source Files</Filter>
    </ClCompile>
    <ClCompile Include="Renderer.cpp">
      <Filter>Source Files</Filter>
    </ClCompile>
    <ClCompile Include="Shader.cpp">
      <Filter>Source Files</Filter>
    </ClCompile>
    <ClCompile Include="Texture.cpp">
      <Filter>Source Files</Filter>
    </ClCompile>
    <ClCompile Include="VertexArray.cpp">
      <Filter>Source Files</Filter>
    </ClCompile>
    <ClCompile Include="VertexBuffer.cpp">
      <Filter>Source Files</Filter>
    </ClCompile>
    <ClCompile Include="IndexBuffer.cpp">
      <Filter>Source Files</Filter>
    </ClCompile>
    <ClCompile Include="QuestLoaderQueue.cpp">
      <Filter>Source Files</Filter>
    </ClCompile>
    <ClCompile Include="..\Dependencies\imgui\imgui.cpp">
      <Filter>Source Files</Filter>
    </ClCompile>
    <ClCompile Include="..\Dependencies\imgui\imgui_demo.cpp">
      <Filter>Source Files</Filter>
    </ClCompile>
    <ClCompile Include="..\Dependencies\imgui\imgui_draw.cpp">
      <Filter>Source Files</Filter>
    </ClCompile>
    <ClCompile Include="..\Dependencies\imgui\imgui_impl_opengl3.cpp">
      <Filter>Source Files</Filter>
    </ClCompile>
    <ClCompile Include="..\Dependencies\imgui\imgui_impl_sdl.cpp">
      <Filter>Source Files</Filter>
    </ClCompile>
    <ClCompile Include="..\Dependencies\imgui\imgui_widgets.cpp">
      <Filter>Source Files</Filter>
    </ClCompile>
  </ItemGroup>
  <ItemGroup>
    <ClInclude Include="LuaHandler.h">
      <Filter>Header Files</Filter>
    </ClInclude>
    <ClInclude Include="CharacterElement.h">
      <Filter>Header Files</Filter>
    </ClInclude>
    <ClInclude Include="CharacterRank.h">
      <Filter>Header Files</Filter>
    </ClInclude>
    <ClInclude Include="CharacterWeapon.h">
      <Filter>Header Files</Filter>
    </ClInclude>
    <ClInclude Include="CharacterStatus.h">
      <Filter>Header Files</Filter>
    </ClInclude>
    <ClInclude Include="Game.h">
      <Filter>Header Files</Filter>
    </ClInclude>
    <ClInclude Include="Character.h">
      <Filter>Header Files</Filter>
    </ClInclude>
    <ClInclude Include="CharacterPassiveAbility.h">
      <Filter>Header Files</Filter>
    </ClInclude>
    <ClInclude Include="CharacterSpecialAbility.h">
      <Filter>Header Files</Filter>
    </ClInclude>
    <ClInclude Include="CharacterItem.h">
      <Filter>Header Files</Filter>
    </ClInclude>
    <ClInclude Include="CharacterForgableItem.h">
      <Filter>Header Files</Filter>
    </ClInclude>
    <ClInclude Include="StateHandler.h">
      <Filter>Header Files</Filter>
    </ClInclude>
    <ClInclude Include="CharacterBattleHandler.h">
      <Filter>Header Files</Filter>
    </ClInclude>
    <ClInclude Include="Quest.h">
      <Filter>Header Files</Filter>
    </ClInclude>
    <ClInclude Include="QuestHandler.h">
      <Filter>Header Files</Filter>
    </ClInclude>
    <ClInclude Include="LuaQuestHandler.h">
      <Filter>Header Files</Filter>
    </ClInclude>
    <ClInclude Include="LuaDefaults.h">
      <Filter>Header Files</Filter>
    </ClInclude>
    <ClInclude Include="Timer.h">
      <Filter>Header Files</Filter>
    </ClInclude>
    <ClInclude Include="GameExceptions.h">
      <Filter>Header Files</Filter>
    </ClInclude>
    <ClInclude Include="CharacterEffectFunctions.h">
      <Filter>Header Files</Filter>
    </ClInclude>
    <ClInclude Include="CharacterPassiveAbilityEffects.h">
      <Filter>Header Files</Filter>
    </ClInclude>
    <ClInclude Include="CharacterSpecialAbilityEffects.h">
      <Filter>Header Files</Filter>
    </ClInclude>
    <ClInclude Include="CharacterStatusEffects.h">
      <Filter>Header Files</Filter>
    </ClInclude>
    <ClInclude Include="CharacterItemEffects.h">
      <Filter>Header Files</Filter>
    </ClInclude>
    <ClInclude Include="Renderer.h">
      <Filter>Header Files</Filter>
    </ClInclude>
    <ClInclude Include="GraphicsIncludes.h">
      <Filter>Header Files</Filter>
    </ClInclude>
    <ClInclude Include="Shader.h">
      <Filter>Header Files</Filter>
    </ClInclude>
    <ClInclude Include="Texture.h">
      <Filter>Header Files</Filter>
    </ClInclude>
    <ClInclude Include="VertexArray.h">
      <Filter>Header Files</Filter>
    </ClInclude>
    <ClInclude Include="VertexBuffer.h">
      <Filter>Header Files</Filter>
    </ClInclude>
    <ClInclude Include="IndexBuffer.h">
      <Filter>Header Files</Filter>
    </ClInclude>
    <ClInclude Include="GLDebug.h">
      <Filter>Header Files</Filter>
    </ClInclude>
    <ClInclude Include="VertexBufferLayout.h">
      <Filter>Header Files</Filter>
    </ClInclude>
    <ClInclude Include="QuestLoaderQueue.h">
      <Filter>Header Files</Filter>
    </ClInclude>
  </ItemGroup>
  <ItemGroup>
    <None Include="base.lua" />
    <None Include="quests\index.lua">
      <Filter>Quest Scripts</Filter>
    </None>
    <None Include="quests\quest_into_the_depths.lua">
      <Filter>Quest Scripts</Filter>
    </None>
    <None Include="quests\quest_onward_young_hero.lua">
      <Filter>Quest Scripts</Filter>
    </None>
    <None Include="quests\quest_out_of_the_frying_pan.lua">
      <Filter>Quest Scripts</Filter>
    </None>
    <None Include="quests\quest_soaring_through_the_night.lua">
      <Filter>Quest Scripts</Filter>
    </None>
    <None Include="quests\quest_the_first_of_many.lua">
      <Filter>Quest Scripts</Filter>
    </None>
    <None Include="quests\quest_the_not_so_stealthy_escape.lua">
      <Filter>Quest Scripts</Filter>
    </None>
    <None Include="quests\quest_through_the_swampy_marsh.lua">
      <Filter>Quest Scripts</Filter>
    </None>
    <None Include="quests\quest_template.lua">
      <Filter>Quest Scripts</Filter>
    </None>
    <None Include="quests\quest_rekindled_acquaintances.lua">
      <Filter>Quest Scripts</Filter>
    </None>
    <None Include="game.shader">
      <Filter>Resource Files</Filter>
    </None>
  </ItemGroup>
</Project>